
Microsoft Visual Studio Solution File, Format Version 12.00
# Visual Studio Version 17
VisualStudioVersion = 17.9.34607.119
MinimumVisualStudioVersion = 10.0.40219.1
Project("{9A19103F-16F7-4668-BE54-9A1E7A4F7556}") = "SimpleCustomRoles", "SimpleCustomRoles\SimpleCustomRoles.csproj", "{E90C8E1D-E9B3-42CD-BB76-2D93D4598076}"
EndProject
Project("{FAE04EC0-301F-11D3-BF4B-00C04F79EFBC}") = "RemoteKC", "RemoteKC\RemoteKC.csproj", "{3120D926-CE16-4FF0-5AD3-5DBF9DADA92B}"
EndProject
Global
	GlobalSection(SolutionConfigurationPlatforms) = preSolution
		Debug|Any CPU = Debug|Any CPU
		Release|Any CPU = Release|Any CPU
	EndGlobalSection
	GlobalSection(ProjectConfigurationPlatforms) = postSolution
		{E90C8E1D-E9B3-42CD-BB76-2D93D4598076}.Debug|Any CPU.ActiveCfg = Release|Any CPU
		{E90C8E1D-E9B3-42CD-BB76-2D93D4598076}.Debug|Any CPU.Build.0 = Release|Any CPU
		{E90C8E1D-E9B3-42CD-BB76-2D93D4598076}.Release|Any CPU.ActiveCfg = Release|Any CPU
		{E90C8E1D-E9B3-42CD-BB76-2D93D4598076}.Release|Any CPU.Build.0 = Release|Any CPU
		{3120D926-CE16-4FF0-5AD3-5DBF9DADA92B}.Debug|Any CPU.ActiveCfg = Debug|Any CPU
		{3120D926-CE16-4FF0-5AD3-5DBF9DADA92B}.Debug|Any CPU.Build.0 = Debug|Any CPU
		{3120D926-CE16-4FF0-5AD3-5DBF9DADA92B}.Release|Any CPU.ActiveCfg = Release|Any CPU
		{3120D926-CE16-4FF0-5AD3-5DBF9DADA92B}.Release|Any CPU.Build.0 = Release|Any CPU
	EndGlobalSection
	GlobalSection(SolutionProperties) = preSolution
		HideSolutionNode = FALSE
	EndGlobalSection
	GlobalSection(ExtensibilityGlobals) = postSolution
		SolutionGuid = {35A9FC77-E478-4D31-AA92-F87C50E34BB6}
	EndGlobalSection
EndGlobal
